
Microsoft Visual Studio Solution File, Format Version 12.00
# Visual Studio Version 17
VisualStudioVersion = 17.8.34330.188
MinimumVisualStudioVersion = 10.0.40219.1
Project("{FAE04EC0-301F-11D3-BF4B-00C04F79EFBC}") = "Phase1Section4.15", "Phase1Section4.15\Phase1Section4.15.csproj", "{94F4EF7D-3DFF-43A2-B5DB-C0E8A283EDA7}"
EndProject
Global
	GlobalSection(SolutionConfigurationPlatforms) = preSolution
		Debug|Any CPU = Debug|Any CPU
		Release|Any CPU = Release|Any CPU
	EndGlobalSection
	GlobalSection(ProjectConfigurationPlatforms) = postSolution
		{94F4EF7D-3DFF-43A2-B5DB-C0E8A283EDA7}.Debug|Any CPU.ActiveCfg = Debug|Any CPU
		{94F4EF7D-3DFF-43A2-B5DB-C0E8A283EDA7}.Debug|Any CPU.Build.0 = Debug|Any CPU
		{94F4EF7D-3DFF-43A2-B5DB-C0E8A283EDA7}.Release|Any CPU.ActiveCfg = Release|Any CPU
		{94F4EF7D-3DFF-43A2-B5DB-C0E8A283EDA7}.Release|Any CPU.Build.0 = Release|Any CPU
	EndGlobalSection
	GlobalSection(SolutionProperties) = preSolution
		HideSolutionNode = FALSE
	EndGlobalSection
	GlobalSection(ExtensibilityGlobals) = postSolution
		SolutionGuid = {F3FDA8FA-B328-49C6-98A3-B976D444E3FF}
	EndGlobalSection
EndGlobal
